
Microsoft Visual Studio Solution File, Format Version 12.00
# Visual Studio Version 17
VisualStudioVersion = 17.5.33516.290
MinimumVisualStudioVersion = 10.0.40219.1
Project("{FAE04EC0-301F-11D3-BF4B-00C04F79EFBC}") = "GuessNumber", "GuessNumber\GuessNumber.csproj", "{443E60A4-8535-4E5B-BB95-9BEF9F883D2D}"
EndProject
Global
	GlobalSection(SolutionConfigurationPlatforms) = preSolution
		Debug|Any CPU = Debug|Any CPU
		Release|Any CPU = Release|Any CPU
	EndGlobalSection
	GlobalSection(ProjectConfigurationPlatforms) = postSolution
		{443E60A4-8535-4E5B-BB95-9BEF9F883D2D}.Debug|Any CPU.ActiveCfg = Debug|Any CPU
		{443E60A4-8535-4E5B-BB95-9BEF9F883D2D}.Debug|Any CPU.Build.0 = Debug|Any CPU
		{443E60A4-8535-4E5B-BB95-9BEF9F883D2D}.Release|Any CPU.ActiveCfg = Release|Any CPU
		{443E60A4-8535-4E5B-BB95-9BEF9F883D2D}.Release|Any CPU.Build.0 = Release|Any CPU
	EndGlobalSection
	GlobalSection(SolutionProperties) = preSolution
		HideSolutionNode = FALSE
	EndGlobalSection
	GlobalSection(ExtensibilityGlobals) = postSolution
		SolutionGuid = {04C52636-2DB8-496D-8C4B-682FBFE0389B}
	EndGlobalSection
EndGlobal
